
Microsoft Visual Studio Solution File, Format Version 12.00
# Visual Studio 2013
VisualStudioVersion = 12.0.21005.1
MinimumVisualStudioVersion = 10.0.40219.1
Project("{2150E333-8FDC-42A3-9474-1A3956D46DE8}") = "web", "web", "{84C4F68E-E5C7-46FC-838E-8AED3EDE220B}"
EndProject
Project("{2150E333-8FDC-42A3-9474-1A3956D46DE8}") = "dal", "dal", "{689A2CCE-7E1A-426E-A331-40F383812CC6}"
EndProject
Project("{2150E333-8FDC-42A3-9474-1A3956D46DE8}") = "model", "model", "{97AB4683-1EA5-4ADB-A6FC-8F835A07B522}"
EndProject
Project("{FAE04EC0-301F-11D3-BF4B-00C04F79EFBC}") = "Model.Base", "model\Model.base\Model.Base.csproj", "{801D39EA-BF6C-43B7-9137-66F3FC72D20B}"
EndProject
Project("{FAE04EC0-301F-11D3-BF4B-00C04F79EFBC}") = "Model.ruanmou", "model\Model.ruanmou\Model.ruanmou.csproj", "{E22F00E8-D021-443F-B5D4-2D2A9F0DC88B}"
EndProject
Project("{FAE04EC0-301F-11D3-BF4B-00C04F79EFBC}") = "Utility", "dal\Utility\Utility.csproj", "{60AE89DB-CA63-4F3B-BECB-6D50EA98264A}"
EndProject
Project("{FAE04EC0-301F-11D3-BF4B-00C04F79EFBC}") = "DAL.Base", "dal\Dal.Base\DAL.Base.csproj", "{01784936-1A41-4A78-9D60-4AF43148FF6A}"
EndProject
Project("{FAE04EC0-301F-11D3-BF4B-00C04F79EFBC}") = "DAL.ruanmou", "dal\DAL.ruanmou\DAL.ruanmou.csproj", "{ED9F522D-564F-4AEF-B556-A4B4B5051784}"
EndProject
Project("{FAE04EC0-301F-11D3-BF4B-00C04F79EFBC}") = "project", "web\project\project.csproj", "{651D6723-F3B1-4809-8ED0-44933312DE83}"
EndProject
Global
	GlobalSection(SolutionConfigurationPlatforms) = preSolution
		Debug|Any CPU = Debug|Any CPU
		Debug|x64 = Debug|x64
		Release|Any CPU = Release|Any CPU
		Release|x64 = Release|x64
	EndGlobalSection
	GlobalSection(ProjectConfigurationPlatforms) = postSolution
		{801D39EA-BF6C-43B7-9137-66F3FC72D20B}.Debug|Any CPU.ActiveCfg = Debug|Any CPU
		{801D39EA-BF6C-43B7-9137-66F3FC72D20B}.Debug|Any CPU.Build.0 = Debug|Any CPU
		{801D39EA-BF6C-43B7-9137-66F3FC72D20B}.Debug|x64.ActiveCfg = Debug|x64
		{801D39EA-BF6C-43B7-9137-66F3FC72D20B}.Debug|x64.Build.0 = Debug|x64
		{801D39EA-BF6C-43B7-9137-66F3FC72D20B}.Release|Any CPU.ActiveCfg = Release|Any CPU
		{801D39EA-BF6C-43B7-9137-66F3FC72D20B}.Release|Any CPU.Build.0 = Release|Any CPU
		{801D39EA-BF6C-43B7-9137-66F3FC72D20B}.Release|x64.ActiveCfg = Release|x64
		{801D39EA-BF6C-43B7-9137-66F3FC72D20B}.Release|x64.Build.0 = Release|x64
		{E22F00E8-D021-443F-B5D4-2D2A9F0DC88B}.Debug|Any CPU.ActiveCfg = Debug|Any CPU
		{E22F00E8-D021-443F-B5D4-2D2A9F0DC88B}.Debug|Any CPU.Build.0 = Debug|Any CPU
		{E22F00E8-D021-443F-B5D4-2D2A9F0DC88B}.Debug|x64.ActiveCfg = Debug|Any CPU
		{E22F00E8-D021-443F-B5D4-2D2A9F0DC88B}.Release|Any CPU.ActiveCfg = Release|Any CPU
		{E22F00E8-D021-443F-B5D4-2D2A9F0DC88B}.Release|Any CPU.Build.0 = Release|Any CPU
		{E22F00E8-D021-443F-B5D4-2D2A9F0DC88B}.Release|x64.ActiveCfg = Release|Any CPU
		{60AE89DB-CA63-4F3B-BECB-6D50EA98264A}.Debug|Any CPU.ActiveCfg = Debug|Any CPU
		{60AE89DB-CA63-4F3B-BECB-6D50EA98264A}.Debug|Any CPU.Build.0 = Debug|Any CPU
		{60AE89DB-CA63-4F3B-BECB-6D50EA98264A}.Debug|x64.ActiveCfg = Debug|x64
		{60AE89DB-CA63-4F3B-BECB-6D50EA98264A}.Debug|x64.Build.0 = Debug|x64
		{60AE89DB-CA63-4F3B-BECB-6D50EA98264A}.Release|Any CPU.ActiveCfg = Release|Any CPU
		{60AE89DB-CA63-4F3B-BECB-6D50EA98264A}.Release|Any CPU.Build.0 = Release|Any CPU
		{60AE89DB-CA63-4F3B-BECB-6D50EA98264A}.Release|x64.ActiveCfg = Release|x64
		{60AE89DB-CA63-4F3B-BECB-6D50EA98264A}.Release|x64.Build.0 = Release|x64
		{01784936-1A41-4A78-9D60-4AF43148FF6A}.Debug|Any CPU.ActiveCfg = Debug|Any CPU
		{01784936-1A41-4A78-9D60-4AF43148FF6A}.Debug|Any CPU.Build.0 = Debug|Any CPU
		{01784936-1A41-4A78-9D60-4AF43148FF6A}.Debug|x64.ActiveCfg = Debug|x64
		{01784936-1A41-4A78-9D60-4AF43148FF6A}.Debug|x64.Build.0 = Debug|x64
		{01784936-1A41-4A78-9D60-4AF43148FF6A}.Release|Any CPU.ActiveCfg = Release|Any CPU
		{01784936-1A41-4A78-9D60-4AF43148FF6A}.Release|Any CPU.Build.0 = Release|Any CPU
		{01784936-1A41-4A78-9D60-4AF43148FF6A}.Release|x64.ActiveCfg = Release|x64
		{01784936-1A41-4A78-9D60-4AF43148FF6A}.Release|x64.Build.0 = Release|x64
		{ED9F522D-564F-4AEF-B556-A4B4B5051784}.Debug|Any CPU.ActiveCfg = Debug|Any CPU
		{ED9F522D-564F-4AEF-B556-A4B4B5051784}.Debug|Any CPU.Build.0 = Debug|Any CPU
		{ED9F522D-564F-4AEF-B556-A4B4B5051784}.Debug|x64.ActiveCfg = Debug|Any CPU
		{ED9F522D-564F-4AEF-B556-A4B4B5051784}.Release|Any CPU.ActiveCfg = Release|Any CPU
		{ED9F522D-564F-4AEF-B556-A4B4B5051784}.Release|Any CPU.Build.0 = Release|Any CPU
		{ED9F522D-564F-4AEF-B556-A4B4B5051784}.Release|x64.ActiveCfg = Release|Any CPU
		{651D6723-F3B1-4809-8ED0-44933312DE83}.Debug|Any CPU.ActiveCfg = Debug|Any CPU
		{651D6723-F3B1-4809-8ED0-44933312DE83}.Debug|Any CPU.Build.0 = Debug|Any CPU
		{651D6723-F3B1-4809-8ED0-44933312DE83}.Debug|x64.ActiveCfg = Debug|Any CPU
		{651D6723-F3B1-4809-8ED0-44933312DE83}.Release|Any CPU.ActiveCfg = Release|Any CPU
		{651D6723-F3B1-4809-8ED0-44933312DE83}.Release|Any CPU.Build.0 = Release|Any CPU
		{651D6723-F3B1-4809-8ED0-44933312DE83}.Release|x64.ActiveCfg = Release|Any CPU
	EndGlobalSection
	GlobalSection(SolutionProperties) = preSolution
		HideSolutionNode = FALSE
	EndGlobalSection
	GlobalSection(NestedProjects) = preSolution
		{651D6723-F3B1-4809-8ED0-44933312DE83} = {84C4F68E-E5C7-46FC-838E-8AED3EDE220B}
		{60AE89DB-CA63-4F3B-BECB-6D50EA98264A} = {689A2CCE-7E1A-426E-A331-40F383812CC6}
		{01784936-1A41-4A78-9D60-4AF43148FF6A} = {689A2CCE-7E1A-426E-A331-40F383812CC6}
		{ED9F522D-564F-4AEF-B556-A4B4B5051784} = {689A2CCE-7E1A-426E-A331-40F383812CC6}
		{801D39EA-BF6C-43B7-9137-66F3FC72D20B} = {97AB4683-1EA5-4ADB-A6FC-8F835A07B522}
		{E22F00E8-D021-443F-B5D4-2D2A9F0DC88B} = {97AB4683-1EA5-4ADB-A6FC-8F835A07B522}
	EndGlobalSection
EndGlobal
